# This file was autogenerated by Stack.
# You should not edit this file by hand.
# For more information, please see the documentation at:
#   https://docs.haskellstack.org/en/stable/lock_files

packages:
- completed:
    hackage: chessIO-0.9.5.0@sha256:829e50791b32c2310f07e89afb236decaa347f8168dc9773fdf85e7134834f41,5044
    pantry-tree:
      sha256: 26f453d1b5da2a739d493cfe64ba0a552b05cf6b9ceb44a271ec4466bbdc89a8
      size: 1408
  original:
    hackage: chessIO-0.9.5.0@sha256:829e50791b32c2310f07e89afb236decaa347f8168dc9773fdf85e7134834f41,5044
snapshots:
- completed:
    sha256: d4b754036615466653040ce9742690e95f5fed08649a96e2885b50d2cf8f25fc
    size: 629580
    url: https://raw.githubusercontent.com/commercialhaskell/stackage-snapshots/master/nightly/2025/1/14.yaml
  original:
    url: https://raw.githubusercontent.com/commercialhaskell/stackage-snapshots/master/nightly/2025/1/14.yaml
